
Microsoft Visual Studio Solution File, Format Version 12.00
# Visual Studio 15
VisualStudioVersion = 15.0.28010.2016
MinimumVisualStudioVersion = 10.0.40219.1
Project("{FAE04EC0-301F-11D3-BF4B-00C04F79EFBC}") = "ConsoUseWebApi", "ConsoUseWebApi\ConsoUseWebApi.csproj", "{D678E11F-0AD0-42C9-ABFB-2DAA34A63FCC}"
EndProject
Global
	GlobalSection(SolutionConfigurationPlatforms) = preSolution
		Debug|Any CPU = Debug|Any CPU
		Release|Any CPU = Release|Any CPU
	EndGlobalSection
	GlobalSection(ProjectConfigurationPlatforms) = postSolution
		{D678E11F-0AD0-42C9-ABFB-2DAA34A63FCC}.Debug|Any CPU.ActiveCfg = Debug|Any CPU
		{D678E11F-0AD0-42C9-ABFB-2DAA34A63FCC}.Debug|Any CPU.Build.0 = Debug|Any CPU
		{D678E11F-0AD0-42C9-ABFB-2DAA34A63FCC}.Release|Any CPU.ActiveCfg = Release|Any CPU
		{D678E11F-0AD0-42C9-ABFB-2DAA34A63FCC}.Release|Any CPU.Build.0 = Release|Any CPU
	EndGlobalSection
	GlobalSection(SolutionProperties) = preSolution
		HideSolutionNode = FALSE
	EndGlobalSection
	GlobalSection(ExtensibilityGlobals) = postSolution
		SolutionGuid = {4E78041C-C56D-45FF-8070-CBE94667EE77}
	EndGlobalSection
EndGlobal
